
Microsoft Visual Studio Solution File, Format Version 12.00
# Visual Studio Version 17
VisualStudioVersion = 17.9.34616.47
MinimumVisualStudioVersion = 10.0.40219.1
Project("{FAE04EC0-301F-11D3-BF4B-00C04F79EFBC}") = "Catalog_de_baterii", "Catalog_de_baterii\Catalog_de_baterii.csproj", "{3831C23C-02E7-4EC1-8BF1-BB81D714C324}"
EndProject
Global
	GlobalSection(SolutionConfigurationPlatforms) = preSolution
		Debug|Any CPU = Debug|Any CPU
		Release|Any CPU = Release|Any CPU
	EndGlobalSection
	GlobalSection(ProjectConfigurationPlatforms) = postSolution
		{3831C23C-02E7-4EC1-8BF1-BB81D714C324}.Debug|Any CPU.ActiveCfg = Debug|Any CPU
		{3831C23C-02E7-4EC1-8BF1-BB81D714C324}.Debug|Any CPU.Build.0 = Debug|Any CPU
		{3831C23C-02E7-4EC1-8BF1-BB81D714C324}.Release|Any CPU.ActiveCfg = Release|Any CPU
		{3831C23C-02E7-4EC1-8BF1-BB81D714C324}.Release|Any CPU.Build.0 = Release|Any CPU
	EndGlobalSection
	GlobalSection(SolutionProperties) = preSolution
		HideSolutionNode = FALSE
	EndGlobalSection
	GlobalSection(ExtensibilityGlobals) = postSolution
		SolutionGuid = {ED702299-FF50-49AF-B21D-43969B31BB2F}
	EndGlobalSection
EndGlobal
